<Solution Description="Visual Studio slnx file generated by Premake" Version="1.4">
  <Configurations>
    <BuildType Name="Debug" />
    <BuildType Name="Dist" />
    <BuildType Name="Relese" />
    <Platform Name="x64" />
  </Configurations>
  <Project Path="Hazel\Hazel.vcxproj" Id="99294D0D-053E-75BE-CEBF-181E3A9371EF">
  </Project>
  <Project Path="Sandbox\Sandbox.vcxproj" Id="F4C124E3-60A1-A37E-69B9-2E55D5170AE0">
  </Project>
</Solution>